
Microsoft Visual Studio Solution File, Format Version 12.00
# Visual Studio 15
VisualStudioVersion = 15.0.28307.329
MinimumVisualStudioVersion = 10.0.40219.1
Project("{FAE04EC0-301F-11D3-BF4B-00C04F79EFBC}") = "vtdi_gatelog", "vtdi_gatelog\vtdi_gatelog.csproj", "{67F9135D-3A93-471C-8C62-6C9EB8A2C55F}"
EndProject
Global
	GlobalSection(SolutionConfigurationPlatforms) = preSolution
		Debug|Any CPU = Debug|Any CPU
		Release|Any CPU = Release|Any CPU
	EndGlobalSection
	GlobalSection(ProjectConfigurationPlatforms) = postSolution
		{67F9135D-3A93-471C-8C62-6C9EB8A2C55F}.Debug|Any CPU.ActiveCfg = Debug|Any CPU
		{67F9135D-3A93-471C-8C62-6C9EB8A2C55F}.Debug|Any CPU.Build.0 = Debug|Any CPU
		{67F9135D-3A93-471C-8C62-6C9EB8A2C55F}.Release|Any CPU.ActiveCfg = Release|Any CPU
		{67F9135D-3A93-471C-8C62-6C9EB8A2C55F}.Release|Any CPU.Build.0 = Release|Any CPU
	EndGlobalSection
	GlobalSection(SolutionProperties) = preSolution
		HideSolutionNode = FALSE
	EndGlobalSection
	GlobalSection(ExtensibilityGlobals) = postSolution
		SolutionGuid = {B6CA2AC4-CB7B-4D8A-A4D9-7B713BD9AEFC}
	EndGlobalSection
EndGlobal
